
Microsoft Visual Studio Solution File, Format Version 12.00
# Visual Studio Version 16
VisualStudioVersion = 16.0.29613.14
MinimumVisualStudioVersion = 10.0.40219.1
Project("{FAE04EC0-301F-11D3-BF4B-00C04F79EFBC}") = "SchoolDb.App", "SchoolDb.App.csproj", "{D9D44D2B-747B-4496-BF84-76EB1FD7C35E}"
EndProject
Global
	GlobalSection(SolutionConfigurationPlatforms) = preSolution
		Debug|Any CPU = Debug|Any CPU
		Release|Any CPU = Release|Any CPU
	EndGlobalSection
	GlobalSection(ProjectConfigurationPlatforms) = postSolution
		{D9D44D2B-747B-4496-BF84-76EB1FD7C35E}.Debug|Any CPU.ActiveCfg = Debug|Any CPU
		{D9D44D2B-747B-4496-BF84-76EB1FD7C35E}.Debug|Any CPU.Build.0 = Debug|Any CPU
		{D9D44D2B-747B-4496-BF84-76EB1FD7C35E}.Release|Any CPU.ActiveCfg = Release|Any CPU
		{D9D44D2B-747B-4496-BF84-76EB1FD7C35E}.Release|Any CPU.Build.0 = Release|Any CPU
	EndGlobalSection
	GlobalSection(SolutionProperties) = preSolution
		HideSolutionNode = FALSE
	EndGlobalSection
	GlobalSection(ExtensibilityGlobals) = postSolution
		SolutionGuid = {844583F1-8920-4F55-AF9C-8914BC4D979F}
	EndGlobalSection
EndGlobal
